// !$*UTF8*$!
{
	archiveVersion = 1;
	classes = {
	};
	objectVersion = 46;
	objects = {

/* Begin PBXBuildFile section */
		2C21E5ED1EC57D8D002F31D4 /* AddCookBook.swift in Sources */ = {isa = PBXBuildFile; fileRef = 2C21E5EC1EC57D8D002F31D4 /* AddCookBook.swift */; };
		2C21E5F01EC59F17002F31D4 /* Home.swift in Sources */ = {isa = PBXBuildFile; fileRef = 2C21E5EF1EC59F17002F31D4 /* Home.swift */; };
		2C4BD4871EC3119C0093DFCF /* SeeViewController.swift in Sources */ = {isa = PBXBuildFile; fileRef = 2C4BD4861EC3119C0093DFCF /* SeeViewController.swift */; };
		2C6133A61EBF16D000ED5BA3 /* CookRK.swift in Sources */ = {isa = PBXBuildFile; fileRef = 2C6133A51EBF16D000ED5BA3 /* CookRK.swift */; };
		2C6133AC1EC002C200ED5BA3 /* MyCookBook.swift in Sources */ = {isa = PBXBuildFile; fileRef = 2C6133AB1EC002C200ED5BA3 /* MyCookBook.swift */; };
		2C6133AE1EC002D300ED5BA3 /* MyCookBookTableViewCell.swift in Sources */ = {isa = PBXBuildFile; fileRef = 2C6133AD1EC002D300ED5BA3 /* MyCookBookTableViewCell.swift */; };
		2C6133B41EC0206500ED5BA3 /* SeeCookBookTableViewCell.swift in Sources */ = {isa = PBXBuildFile; fileRef = 2C6133B31EC0206500ED5BA3 /* SeeCookBookTableViewCell.swift */; };
		2C6133D91EC184BA00ED5BA3 /* libsqlite3.0.tbd in Frameworks */ = {isa = PBXBuildFile; fileRef = 2C6133D81EC184BA00ED5BA3 /* libsqlite3.0.tbd */; };
		2C6133DD1EC1880500ED5BA3 /* DBManage.swift in Sources */ = {isa = PBXBuildFile; fileRef = 2C6133DC1EC1880500ED5BA3 /* DBManage.swift */; };
		2C91532B1EB9E70600371521 /* AppDelegate.swift in Sources */ = {isa = PBXBuildFile; fileRef = 2C91532A1EB9E70600371521 /* AppDelegate.swift */; };
		2C9153301EB9E70600371521 /* Main.storyboard in Resources */ = {isa = PBXBuildFile; fileRef = 2C91532E1EB9E70600371521 /* Main.storyboard */; };
		2C9153321EB9E70600371521 /* Assets.xcassets in Resources */ = {isa = PBXBuildFile; fileRef = 2C9153311EB9E70600371521 /* Assets.xcassets */; };
		2C9153351EB9E70600371521 /* LaunchScreen.storyboard in Resources */ = {isa = PBXBuildFile; fileRef = 2C9153331EB9E70600371521 /* LaunchScreen.storyboard */; };
		2C9153601EBB20E000371521 /* MyiceboxTableViewCell.swift in Sources */ = {isa = PBXBuildFile; fileRef = 2C91535F1EBB20E000371521 /* MyiceboxTableViewCell.swift */; };
		2C9153631EBB221600371521 /* Myicebox.swift in Sources */ = {isa = PBXBuildFile; fileRef = 2C9153621EBB221600371521 /* Myicebox.swift */; };
		2CA5EAFD1EBD917200D85CF5 /* testViewController.swift in Sources */ = {isa = PBXBuildFile; fileRef = 2CA5EAFC1EBD917200D85CF5 /* testViewController.swift */; };
		2CA5EB001EBD99AA00D85CF5 /* AddIngredients.swift in Sources */ = {isa = PBXBuildFile; fileRef = 2CA5EAFF1EBD99AA00D85CF5 /* AddIngredients.swift */; };
		2CA5EB041EBDA30F00D85CF5 /* RecommendCookTableViewCell.swift in Sources */ = {isa = PBXBuildFile; fileRef = 2CA5EB031EBDA30F00D85CF5 /* RecommendCookTableViewCell.swift */; };
		2CA5EB081EBDA58D00D85CF5 /* RecommendCook.swift in Sources */ = {isa = PBXBuildFile; fileRef = 2CA5EB071EBDA58D00D85CF5 /* RecommendCook.swift */; };
		2CA5EB0D1EBF149900D85CF5 /* CookRKTableViewCell.swift in Sources */ = {isa = PBXBuildFile; fileRef = 2CA5EB0C1EBF149900D85CF5 /* CookRKTableViewCell.swift */; };
/* End PBXBuildFile section */

/* Begin PBXFileReference section */
		2C21E5EC1EC57D8D002F31D4 /* AddCookBook.swift */ = {isa = PBXFileReference; fileEncoding = 4; lastKnownFileType = sourcecode.swift; path = AddCookBook.swift; sourceTree = "<group>"; };
		2C21E5EF1EC59F17002F31D4 /* Home.swift */ = {isa = PBXFileReference; fileEncoding = 4; lastKnownFileType = sourcecode.swift; path = Home.swift; sourceTree = "<group>"; };
		2C4BD4861EC3119C0093DFCF /* SeeViewController.swift */ = {isa = PBXFileReference; fileEncoding = 4; lastKnownFileType = sourcecode.swift; path = SeeViewController.swift; sourceTree = "<group>"; };
		2C6133A51EBF16D000ED5BA3 /* CookRK.swift */ = {isa = PBXFileReference; fileEncoding = 4; lastKnownFileType = sourcecode.swift; path = CookRK.swift; sourceTree = "<group>"; };
		2C6133AB1EC002C200ED5BA3 /* MyCookBook.swift */ = {isa = PBXFileReference; fileEncoding = 4; lastKnownFileType = sourcecode.swift; path = MyCookBook.swift; sourceTree = "<group>"; };
		2C6133AD1EC002D300ED5BA3 /* MyCookBookTableViewCell.swift */ = {isa = PBXFileReference; fileEncoding = 4; lastKnownFileType = sourcecode.swift; path = MyCookBookTableViewCell.swift; sourceTree = "<group>"; };
		2C6133B31EC0206500ED5BA3 /* SeeCookBookTableViewCell.swift */ = {isa = PBXFileReference; fileEncoding = 4; lastKnownFileType = sourcecode.swift; path = SeeCookBookTableViewCell.swift; sourceTree = "<group>"; };
		2C6133D81EC184BA00ED5BA3 /* libsqlite3.0.tbd */ = {isa = PBXFileReference; lastKnownFileType = "sourcecode.text-based-dylib-definition"; name = libsqlite3.0.tbd; path = usr/lib/libsqlite3.0.tbd; sourceTree = SDKROOT; };
		2C6133DB1EC1854100ED5BA3 /* SQLHeader.h */ = {isa = PBXFileReference; fileEncoding = 4; lastKnownFileType = sourcecode.c.h; path = SQLHeader.h; sourceTree = "<group>"; };
		2C6133DC1EC1880500ED5BA3 /* DBManage.swift */ = {isa = PBXFileReference; fileEncoding = 4; lastKnownFileType = sourcecode.swift; path = DBManage.swift; sourceTree = "<group>"; };
		2C9153271EB9E70600371521 /* IceboxAndCookbook.app */ = {isa = PBXFileReference; explicitFileType = wrapper.application; includeInIndex = 0; path = IceboxAndCookbook.app; sourceTree = BUILT_PRODUCTS_DIR; };
		2C91532A1EB9E70600371521 /* AppDelegate.swift */ = {isa = PBXFileReference; lastKnownFileType = sourcecode.swift; path = AppDelegate.swift; sourceTree = "<group>"; };
		2C91532F1EB9E70600371521 /* Base */ = {isa = PBXFileReference; lastKnownFileType = file.storyboard; name = Base; path = Base.lproj/Main.storyboard; sourceTree = "<group>"; };
		2C9153311EB9E70600371521 /* Assets.xcassets */ = {isa = PBXFileReference; lastKnownFileType = folder.assetcatalog; path = Assets.xcassets; sourceTree = "<group>"; };
		2C9153341EB9E70600371521 /* Base */ = {isa = PBXFileReference; lastKnownFileType = file.storyboard; name = Base; path = Base.lproj/LaunchScreen.storyboard; sourceTree = "<group>"; };
		2C9153361EB9E70600371521 /* Info.plist */ = {isa = PBXFileReference; lastKnownFileType = text.plist.xml; path = Info.plist; sourceTree = "<group>"; };
		2C91535F1EBB20E000371521 /* MyiceboxTableViewCell.swift */ = {isa = PBXFileReference; fileEncoding = 4; lastKnownFileType = sourcecode.swift; path = MyiceboxTableViewCell.swift; sourceTree = "<group>"; };
		2C9153621EBB221600371521 /* Myicebox.swift */ = {isa = PBXFileReference; fileEncoding = 4; lastKnownFileType = sourcecode.swift; path = Myicebox.swift; sourceTree = "<group>"; };
		2CA5EAFC1EBD917200D85CF5 /* testViewController.swift */ = {isa = PBXFileReference; fileEncoding = 4; lastKnownFileType = sourcecode.swift; path = testViewController.swift; sourceTree = "<group>"; };
		2CA5EAFF1EBD99AA00D85CF5 /* AddIngredients.swift */ = {isa = PBXFileReference; fileEncoding = 4; lastKnownFileType = sourcecode.swift; path = AddIngredients.swift; sourceTree = "<group>"; };
		2CA5EB031EBDA30F00D85CF5 /* RecommendCookTableViewCell.swift */ = {isa = PBXFileReference; fileEncoding = 4; lastKnownFileType = sourcecode.swift; path = RecommendCookTableViewCell.swift; sourceTree = "<group>"; };
		2CA5EB071EBDA58D00D85CF5 /* RecommendCook.swift */ = {isa = PBXFileReference; fileEncoding = 4; lastKnownFileType = sourcecode.swift; path = RecommendCook.swift; sourceTree = "<group>"; };
		2CA5EB0C1EBF149900D85CF5 /* CookRKTableViewCell.swift */ = {isa = PBXFileReference; fileEncoding = 4; lastKnownFileType = sourcecode.swift; path = CookRKTableViewCell.swift; sourceTree = "<group>"; };
/* End PBXFileReference section */

/* Begin PBXFrameworksBuildPhase section */
		2C9153241EB9E70600371521 /* Frameworks */ = {
			isa = PBXFrameworksBuildPhase;
			buildActionMask = 2147483647;
			files = (
				2C6133D91EC184BA00ED5BA3 /* libsqlite3.0.tbd in Frameworks */,
			);
			runOnlyForDeploymentPostprocessing = 0;
		};
/* End PBXFrameworksBuildPhase section */

/* Begin PBXGroup section */
		2C21E5E91EC57AFB002F31D4 /* 雜物 */ = {
			isa = PBXGroup;
			children = (
				2C91532A1EB9E70600371521 /* AppDelegate.swift */,
			);
			name = "雜物";
			sourceTree = "<group>";
		};
		2C21E5EB1EC57CAE002F31D4 /* 新增食譜AC */ = {
			isa = PBXGroup;
			children = (
				2C21E5EC1EC57D8D002F31D4 /* AddCookBook.swift */,
			);
			name = "新增食譜AC";
			sourceTree = "<group>";
		};
		2C21E5EE1EC59EE5002F31D4 /* Home */ = {
			isa = PBXGroup;
			children = (
				2C21E5EF1EC59F17002F31D4 /* Home.swift */,
			);
			name = Home;
			sourceTree = "<group>";
		};
		2C6133A71EC0028000ED5BA3 /* 我的食譜M */ = {
			isa = PBXGroup;
			children = (
				2C21E5EB1EC57CAE002F31D4 /* 新增食譜AC */,
				2C6133A81EC0029600ED5BA3 /* Controller */,
				2C6133A91EC002A400ED5BA3 /* Cell */,
			);
			name = "我的食譜M";
			sourceTree = "<group>";
		};
		2C6133A81EC0029600ED5BA3 /* Controller */ = {
			isa = PBXGroup;
			children = (
				2C6133AB1EC002C200ED5BA3 /* MyCookBook.swift */,
			);
			name = Controller;
			sourceTree = "<group>";
		};
		2C6133A91EC002A400ED5BA3 /* Cell */ = {
			isa = PBXGroup;
			children = (
				2C6133AD1EC002D300ED5BA3 /* MyCookBookTableViewCell.swift */,
			);
			name = Cell;
			sourceTree = "<group>";
		};
		2C6133AF1EC0200400ED5BA3 /* 食譜閱讀S */ = {
			isa = PBXGroup;
			children = (
				2C6133B01EC0201200ED5BA3 /* Controller */,
				2C6133B11EC0201D00ED5BA3 /* Cell */,
			);
			name = "食譜閱讀S";
			sourceTree = "<group>";
		};
		2C6133B01EC0201200ED5BA3 /* Controller */ = {
			isa = PBXGroup;
			children = (
				2C4BD4861EC3119C0093DFCF /* SeeViewController.swift */,
			);
			name = Controller;
			sourceTree = "<group>";
		};
		2C6133B11EC0201D00ED5BA3 /* Cell */ = {
			isa = PBXGroup;
			children = (
				2C6133B31EC0206500ED5BA3 /* SeeCookBookTableViewCell.swift */,
			);
			name = Cell;
			sourceTree = "<group>";
		};
		2C6133D71EC184BA00ED5BA3 /* Frameworks */ = {
			isa = PBXGroup;
			children = (
				2C6133D81EC184BA00ED5BA3 /* libsqlite3.0.tbd */,
			);
			name = Frameworks;
			sourceTree = "<group>";
		};
		2C6133DA1EC184E200ED5BA3 /* SQLite */ = {
			isa = PBXGroup;
			children = (
				2C6133DB1EC1854100ED5BA3 /* SQLHeader.h */,
				2C6133DC1EC1880500ED5BA3 /* DBManage.swift */,
			);
			name = SQLite;
			sourceTree = "<group>";
		};
		2C91531E1EB9E70600371521 = {
			isa = PBXGroup;
			children = (
				2C9153291EB9E70600371521 /* IceboxAndCookbook */,
				2C9153281EB9E70600371521 /* Products */,
				2C6133D71EC184BA00ED5BA3 /* Frameworks */,
			);
			sourceTree = "<group>";
		};
		2C9153281EB9E70600371521 /* Products */ = {
			isa = PBXGroup;
			children = (
				2C9153271EB9E70600371521 /* IceboxAndCookbook.app */,
			);
			name = Products;
			sourceTree = "<group>";
		};
		2C9153291EB9E70600371521 /* IceboxAndCookbook */ = {
			isa = PBXGroup;
			children = (
				2C21E5EE1EC59EE5002F31D4 /* Home */,
				2C21E5E91EC57AFB002F31D4 /* 雜物 */,
				2C6133DA1EC184E200ED5BA3 /* SQLite */,
				2C6133AF1EC0200400ED5BA3 /* 食譜閱讀S */,
				2C6133A71EC0028000ED5BA3 /* 我的食譜M */,
				2CA5EB091EBF143200D85CF5 /* 料理排名C */,
				2CA5EB021EBDA2F400D85CF5 /* 推薦食譜R */,
				2CA5EAFB1EBD914B00D85CF5 /* 測試用 */,
				2C91535E1EBB20A500371521 /* 我的冰箱i */,
				2C91532E1EB9E70600371521 /* Main.storyboard */,
				2C9153311EB9E70600371521 /* Assets.xcassets */,
				2C9153331EB9E70600371521 /* LaunchScreen.storyboard */,
				2C9153361EB9E70600371521 /* Info.plist */,
			);
			path = IceboxAndCookbook;
			sourceTree = "<group>";
		};
		2C91535E1EBB20A500371521 /* 我的冰箱i */ = {
			isa = PBXGroup;
			children = (
				2C9153641EBB222A00371521 /* Controller */,
				2CA5EAFE1EBD992D00D85CF5 /* 添加食材 */,
				2C9153611EBB21DC00371521 /* Cell */,
			);
			name = "我的冰箱i";
			sourceTree = "<group>";
		};
		2C9153611EBB21DC00371521 /* Cell */ = {
			isa = PBXGroup;
			children = (
				2C91535F1EBB20E000371521 /* MyiceboxTableViewCell.swift */,
			);
			name = Cell;
			sourceTree = "<group>";
		};
		2C9153641EBB222A00371521 /* Controller */ = {
			isa = PBXGroup;
			children = (
				2C9153621EBB221600371521 /* Myicebox.swift */,
			);
			name = Controller;
			sourceTree = "<group>";
		};
		2CA5EAFB1EBD914B00D85CF5 /* 測試用 */ = {
			isa = PBXGroup;
			children = (
				2CA5EAFC1EBD917200D85CF5 /* testViewController.swift */,
			);
			name = "測試用";
			sourceTree = "<group>";
		};
		2CA5EAFE1EBD992D00D85CF5 /* 添加食材 */ = {
			isa = PBXGroup;
			children = (
				2CA5EB011EBDA00D00D85CF5 /* Controller */,
			);
			name = "添加食材";
			sourceTree = "<group>";
		};
		2CA5EB011EBDA00D00D85CF5 /* Controller */ = {
			isa = PBXGroup;
			children = (
				2CA5EAFF1EBD99AA00D85CF5 /* AddIngredients.swift */,
			);
			name = Controller;
			sourceTree = "<group>";
		};
		2CA5EB021EBDA2F400D85CF5 /* 推薦食譜R */ = {
			isa = PBXGroup;
			children = (
				2CA5EB061EBDA31C00D85CF5 /* Controller */,
				2CA5EB051EBDA31300D85CF5 /* Cell */,
			);
			name = "推薦食譜R";
			sourceTree = "<group>";
		};
		2CA5EB051EBDA31300D85CF5 /* Cell */ = {
			isa = PBXGroup;
			children = (
				2CA5EB031EBDA30F00D85CF5 /* RecommendCookTableViewCell.swift */,
			);
			name = Cell;
			sourceTree = "<group>";
		};
		2CA5EB061EBDA31C00D85CF5 /* Controller */ = {
			isa = PBXGroup;
			children = (
				2CA5EB071EBDA58D00D85CF5 /* RecommendCook.swift */,
			);
			name = Controller;
			sourceTree = "<group>";
		};
		2CA5EB091EBF143200D85CF5 /* 料理排名C */ = {
			isa = PBXGroup;
			children = (
				2CA5EB0A1EBF145600D85CF5 /* Controller */,
				2CA5EB0B1EBF146600D85CF5 /* Cell */,
			);
			name = "料理排名C";
			sourceTree = "<group>";
		};
		2CA5EB0A1EBF145600D85CF5 /* Controller */ = {
			isa = PBXGroup;
			children = (
				2C6133A51EBF16D000ED5BA3 /* CookRK.swift */,
			);
			name = Controller;
			sourceTree = "<group>";
		};
		2CA5EB0B1EBF146600D85CF5 /* Cell */ = {
			isa = PBXGroup;
			children = (
				2CA5EB0C1EBF149900D85CF5 /* CookRKTableViewCell.swift */,
			);
			name = Cell;
			sourceTree = "<group>";
		};
/* End PBXGroup section */

/* Begin PBXNativeTarget section */
		2C9153261EB9E70600371521 /* IceboxAndCookbook */ = {
			isa = PBXNativeTarget;
			buildConfigurationList = 2C9153391EB9E70600371521 /* Build configuration list for PBXNativeTarget "IceboxAndCookbook" */;
			buildPhases = (
				2C9153231EB9E70600371521 /* Sources */,
				2C9153241EB9E70600371521 /* Frameworks */,
				2C9153251EB9E70600371521 /* Resources */,
			);
			buildRules = (
			);
			dependencies = (
			);
			name = IceboxAndCookbook;
			productName = IceboxAndCookbook;
			productReference = 2C9153271EB9E70600371521 /* IceboxAndCookbook.app */;
			productType = "com.apple.product-type.application";
		};
/* End PBXNativeTarget section */

/* Begin PBXProject section */
		2C91531F1EB9E70600371521 /* Project object */ = {
			isa = PBXProject;
			attributes = {
				LastSwiftUpdateCheck = 0830;
				LastUpgradeCheck = 0830;
				ORGANIZATIONNAME = Mrosstro;
				TargetAttributes = {
					2C9153261EB9E70600371521 = {
						CreatedOnToolsVersion = 8.3.2;
						ProvisioningStyle = Automatic;
					};
				};
			};
			buildConfigurationList = 2C9153221EB9E70600371521 /* Build configuration list for PBXProject "IceboxAndCookbook" */;
			compatibilityVersion = "Xcode 3.2";
			developmentRegion = English;
			hasScannedForEncodings = 0;
			knownRegions = (
				en,
				Base,
			);
			mainGroup = 2C91531E1EB9E70600371521;
			productRefGroup = 2C9153281EB9E70600371521 /* Products */;
			projectDirPath = "";
			projectRoot = "";
			targets = (
				2C9153261EB9E70600371521 /* IceboxAndCookbook */,
			);
		};
/* End PBXProject section */

/* Begin PBXResourcesBuildPhase section */
		2C9153251EB9E70600371521 /* Resources */ = {
			isa = PBXResourcesBuildPhase;
			buildActionMask = 2147483647;
			files = (
				2C9153351EB9E70600371521 /* LaunchScreen.storyboard in Resources */,
				2C9153321EB9E70600371521 /* Assets.xcassets in Resources */,
				2C9153301EB9E70600371521 /* Main.storyboard in Resources */,
			);
			runOnlyForDeploymentPostprocessing = 0;
		};
/* End PBXResourcesBuildPhase section */

/* Begin PBXSourcesBuildPhase section */
		2C9153231EB9E70600371521 /* Sources */ = {
			isa = PBXSourcesBuildPhase;
			buildActionMask = 2147483647;
			files = (
				2CA5EB001EBD99AA00D85CF5 /* AddIngredients.swift in Sources */,
				2CA5EB041EBDA30F00D85CF5 /* RecommendCookTableViewCell.swift in Sources */,
				2C9153631EBB221600371521 /* Myicebox.swift in Sources */,
				2C9153601EBB20E000371521 /* MyiceboxTableViewCell.swift in Sources */,
				2C4BD4871EC3119C0093DFCF /* SeeViewController.swift in Sources */,
				2CA5EAFD1EBD917200D85CF5 /* testViewController.swift in Sources */,
				2C6133A61EBF16D000ED5BA3 /* CookRK.swift in Sources */,
				2CA5EB0D1EBF149900D85CF5 /* CookRKTableViewCell.swift in Sources */,
				2C6133AE1EC002D300ED5BA3 /* MyCookBookTableViewCell.swift in Sources */,
				2CA5EB081EBDA58D00D85CF5 /* RecommendCook.swift in Sources */,
				2C6133B41EC0206500ED5BA3 /* SeeCookBookTableViewCell.swift in Sources */,
				2C91532B1EB9E70600371521 /* AppDelegate.swift in Sources */,
				2C21E5ED1EC57D8D002F31D4 /* AddCookBook.swift in Sources */,
				2C6133DD1EC1880500ED5BA3 /* DBManage.swift in Sources */,
				2C21E5F01EC59F17002F31D4 /* Home.swift in Sources */,
				2C6133AC1EC002C200ED5BA3 /* MyCookBook.swift in Sources */,
			);
			runOnlyForDeploymentPostprocessing = 0;
		};
/* End PBXSourcesBuildPhase section */

/* Begin PBXVariantGroup section */
		2C91532E1EB9E70600371521 /* Main.storyboard */ = {
			isa = PBXVariantGroup;
			children = (
				2C91532F1EB9E70600371521 /* Base */,
			);
			name = Main.storyboard;
			sourceTree = "<group>";
		};
		2C9153331EB9E70600371521 /* LaunchScreen.storyboard */ = {
			isa = PBXVariantGroup;
			children = (
				2C9153341EB9E70600371521 /* Base */,
			);
			name = LaunchScreen.storyboard;
			sourceTree = "<group>";
		};
/* End PBXVariantGroup section */

/* Begin XCBuildConfiguration section */
		2C9153371EB9E70600371521 /* Debug */ = {
			isa = XCBuildConfiguration;
			buildSettings = {
				ALWAYS_SEARCH_USER_PATHS = NO;
				CLANG_ANALYZER_NONNULL = YES;
				CLANG_ANALYZER_NUMBER_OBJECT_CONVERSION = YES_AGGRESSIVE;
				CLANG_CXX_LANGUAGE_STANDARD = "gnu++0x";
				CLANG_CXX_LIBRARY = "libc++";
				CLANG_ENABLE_MODULES = YES;
				CLANG_ENABLE_OBJC_ARC = YES;
				CLANG_WARN_BOOL_CONVERSION = YES;
				CLANG_WARN_CONSTANT_CONVERSION = YES;
				CLANG_WARN_DIRECT_OBJC_ISA_USAGE = YES_ERROR;
				CLANG_WARN_DOCUMENTATION_COMMENTS = YES;
				CLANG_WARN_EMPTY_BODY = YES;
				CLANG_WARN_ENUM_CONVERSION = YES;
				CLANG_WARN_INFINITE_RECURSION = YES;
				CLANG_WARN_INT_CONVERSION = YES;
				CLANG_WARN_OBJC_ROOT_CLASS = YES_ERROR;
				CLANG_WARN_SUSPICIOUS_MOVE = YES;
				CLANG_WARN_UNREACHABLE_CODE = YES;
				CLANG_WARN__DUPLICATE_METHOD_MATCH = YES;
				"CODE_SIGN_IDENTITY[sdk=iphoneos*]" = "iPhone Developer";
				COPY_PHASE_STRIP = NO;
				DEBUG_INFORMATION_FORMAT = dwarf;
				ENABLE_STRICT_OBJC_MSGSEND = YES;
				ENABLE_TESTABILITY = YES;
				GCC_C_LANGUAGE_STANDARD = gnu99;
				GCC_DYNAMIC_NO_PIC = NO;
				GCC_NO_COMMON_BLOCKS = YES;
				GCC_OPTIMIZATION_LEVEL = 0;
				GCC_PREPROCESSOR_DEFINITIONS = (
					"DEBUG=1",
					"$(inherited)",
				);
				GCC_WARN_64_TO_32_BIT_CONVERSION = YES;
				GCC_WARN_ABOUT_RETURN_TYPE = YES_ERROR;
				GCC_WARN_UNDECLARED_SELECTOR = YES;
				GCC_WARN_UNINITIALIZED_AUTOS = YES_AGGRESSIVE;
				GCC_WARN_UNUSED_FUNCTION = YES;
				GCC_WARN_UNUSED_VARIABLE = YES;
				IPHONEOS_DEPLOYMENT_TARGET = 10.3;
				MTL_ENABLE_DEBUG_INFO = YES;
				ONLY_ACTIVE_ARCH = YES;
				SDKROOT = iphoneos;
				SWIFT_ACTIVE_COMPILATION_CONDITIONS = DEBUG;
				SWIFT_OPTIMIZATION_LEVEL = "-Onone";
			};
			name = Debug;
		};
		2C9153381EB9E70600371521 /* Release */ = {
			isa = XCBuildConfiguration;
			buildSettings = {
				ALWAYS_SEARCH_USER_PATHS = NO;
				CLANG_ANALYZER_NONNULL = YES;
				CLANG_ANALYZER_NUMBER_OBJECT_CONVERSION = YES_AGGRESSIVE;
				CLANG_CXX_LANGUAGE_STANDARD = "gnu++0x";
				CLANG_CXX_LIBRARY = "libc++";
				CLANG_ENABLE_MODULES = YES;
				CLANG_ENABLE_OBJC_ARC = YES;
				CLANG_WARN_BOOL_CONVERSION = YES;
				CLANG_WARN_CONSTANT_CONVERSION = YES;
				CLANG_WARN_DIRECT_OBJC_ISA_USAGE = YES_ERROR;
				CLANG_WARN_DOCUMENTATION_COMMENTS = YES;
				CLANG_WARN_EMPTY_BODY = YES;
				CLANG_WARN_ENUM_CONVERSION = YES;
				CLANG_WARN_INFINITE_RECURSION = YES;
				CLANG_WARN_INT_CONVERSION = YES;
				CLANG_WARN_OBJC_ROOT_CLASS = YES_ERROR;
				CLANG_WARN_SUSPICIOUS_MOVE = YES;
				CLANG_WARN_UNREACHABLE_CODE = YES;
				CLANG_WARN__DUPLICATE_METHOD_MATCH = YES;
				"CODE_SIGN_IDENTITY[sdk=iphoneos*]" = "iPhone Developer";
				COPY_PHASE_STRIP = NO;
				DEBUG_INFORMATION_FORMAT = "dwarf-with-dsym";
				ENABLE_NS_ASSERTIONS = NO;
				ENABLE_STRICT_OBJC_MSGSEND = YES;
				GCC_C_LANGUAGE_STANDARD = gnu99;
				GCC_NO_COMMON_BLOCKS = YES;
				GCC_WARN_64_TO_32_BIT_CONVERSION = YES;
				GCC_WARN_ABOUT_RETURN_TYPE = YES_ERROR;
				GCC_WARN_UNDECLARED_SELECTOR = YES;
				GCC_WARN_UNINITIALIZED_AUTOS = YES_AGGRESSIVE;
				GCC_WARN_UNUSED_FUNCTION = YES;
				GCC_WARN_UNUSED_VARIABLE = YES;
				IPHONEOS_DEPLOYMENT_TARGET = 10.3;
				MTL_ENABLE_DEBUG_INFO = NO;
				SDKROOT = iphoneos;
				SWIFT_OPTIMIZATION_LEVEL = "-Owholemodule";
				VALIDATE_PRODUCT = YES;
			};
			name = Release;
		};
		2C91533A1EB9E70600371521 /* Debug */ = {
			isa = XCBuildConfiguration;
			buildSettings = {
				ASSETCATALOG_COMPILER_APPICON_NAME = AppIcon;
				INFOPLIST_FILE = IceboxAndCookbook/Info.plist;
				LD_RUNPATH_SEARCH_PATHS = "$(inherited) @executable_path/Frameworks";
				PRODUCT_BUNDLE_IDENTIFIER = tw.EatSoGood.IceboxAndCookbook;
				PRODUCT_NAME = "$(TARGET_NAME)";
				SWIFT_OBJC_BRIDGING_HEADER = IceboxAndCookbook/SQLHeader.h;
				SWIFT_VERSION = 3.0;
			};
			name = Debug;
		};
		2C91533B1EB9E70600371521 /* Release */ = {
			isa = XCBuildConfiguration;
			buildSettings = {
				ASSETCATALOG_COMPILER_APPICON_NAME = AppIcon;
				INFOPLIST_FILE = IceboxAndCookbook/Info.plist;
				LD_RUNPATH_SEARCH_PATHS = "$(inherited) @executable_path/Frameworks";
				PRODUCT_BUNDLE_IDENTIFIER = tw.EatSoGood.IceboxAndCookbook;
				PRODUCT_NAME = "$(TARGET_NAME)";
				SWIFT_OBJC_BRIDGING_HEADER = IceboxAndCookbook/SQLHeader.h;
				SWIFT_VERSION = 3.0;
			};
			name = Release;
		};
/* End XCBuildConfiguration section */

/* Begin XCConfigurationList section */
		2C9153221EB9E70600371521 /* Build configuration list for PBXProject "IceboxAndCookbook" */ = {
			isa = XCConfigurationList;
			buildConfigurations = (
				2C9153371EB9E70600371521 /* Debug */,
				2C9153381EB9E70600371521 /* Release */,
			);
			defaultConfigurationIsVisible = 0;
			defaultConfigurationName = Release;
		};
		2C9153391EB9E70600371521 /* Build configuration list for PBXNativeTarget "IceboxAndCookbook" */ = {
			isa = XCConfigurationList;
			buildConfigurations = (
				2C91533A1EB9E70600371521 /* Debug */,
				2C91533B1EB9E70600371521 /* Release */,
			);
			defaultConfigurationIsVisible = 0;
			defaultConfigurationName = Release;
		};
/* End XCConfigurationList section */
	};
	rootObject = 2C91531F1EB9E70600371521 /* Project object */;
}
